
Microsoft Visual Studio Solution File, Format Version 12.00
# Visual Studio Version 17
VisualStudioVersion = 17.7.34221.43
MinimumVisualStudioVersion = 10.0.40219.1
Project("{FAE04EC0-301F-11D3-BF4B-00C04F79EFBC}") = "btvn_bai2", "btvn_bai2\btvn_bai2.csproj", "{CE9FCD43-0C1F-4474-8E82-B52CC890EEB4}"
EndProject
Global
	GlobalSection(SolutionConfigurationPlatforms) = preSolution
		Debug|Any CPU = Debug|Any CPU
		Release|Any CPU = Release|Any CPU
	EndGlobalSection
	GlobalSection(ProjectConfigurationPlatforms) = postSolution
		{CE9FCD43-0C1F-4474-8E82-B52CC890EEB4}.Debug|Any CPU.ActiveCfg = Debug|Any CPU
		{CE9FCD43-0C1F-4474-8E82-B52CC890EEB4}.Debug|Any CPU.Build.0 = Debug|Any CPU
		{CE9FCD43-0C1F-4474-8E82-B52CC890EEB4}.Release|Any CPU.ActiveCfg = Release|Any CPU
		{CE9FCD43-0C1F-4474-8E82-B52CC890EEB4}.Release|Any CPU.Build.0 = Release|Any CPU
	EndGlobalSection
	GlobalSection(SolutionProperties) = preSolution
		HideSolutionNode = FALSE
	EndGlobalSection
	GlobalSection(ExtensibilityGlobals) = postSolution
		SolutionGuid = {73EE773B-EDF8-4E3F-80C9-113D793874E5}
	EndGlobalSection
EndGlobal
