
Microsoft Visual Studio Solution File, Format Version 12.00
# Visual Studio Version 17
VisualStudioVersion = 17.5.33530.505
MinimumVisualStudioVersion = 10.0.40219.1
Project("{FAE04EC0-301F-11D3-BF4B-00C04F79EFBC}") = "Lab5_Bai3AndBai4", "Lab5_Bai3AndBai4.csproj", "{67118D6E-C107-4DDE-9704-44B1AEC71056}"
EndProject
Global
	GlobalSection(SolutionConfigurationPlatforms) = preSolution
		Debug|Any CPU = Debug|Any CPU
		Release|Any CPU = Release|Any CPU
	EndGlobalSection
	GlobalSection(ProjectConfigurationPlatforms) = postSolution
		{67118D6E-C107-4DDE-9704-44B1AEC71056}.Debug|Any CPU.ActiveCfg = Debug|Any CPU
		{67118D6E-C107-4DDE-9704-44B1AEC71056}.Debug|Any CPU.Build.0 = Debug|Any CPU
		{67118D6E-C107-4DDE-9704-44B1AEC71056}.Release|Any CPU.ActiveCfg = Release|Any CPU
		{67118D6E-C107-4DDE-9704-44B1AEC71056}.Release|Any CPU.Build.0 = Release|Any CPU
	EndGlobalSection
	GlobalSection(SolutionProperties) = preSolution
		HideSolutionNode = FALSE
	EndGlobalSection
	GlobalSection(ExtensibilityGlobals) = postSolution
		SolutionGuid = {ADBDF15E-AF25-46E4-B0C9-BD29AF9BF656}
	EndGlobalSection
EndGlobal
