
Microsoft Visual Studio Solution File, Format Version 12.00
# Visual Studio Version 17
VisualStudioVersion = 17.7.34221.43
MinimumVisualStudioVersion = 10.0.40219.1
Project("{FAE04EC0-301F-11D3-BF4B-00C04F79EFBC}") = "Lab3_6", "Lab3_6\Lab3_6.csproj", "{81029582-CFCC-4C24-A6BE-74386B168644}"
EndProject
Global
	GlobalSection(SolutionConfigurationPlatforms) = preSolution
		Debug|Any CPU = Debug|Any CPU
		Release|Any CPU = Release|Any CPU
	EndGlobalSection
	GlobalSection(ProjectConfigurationPlatforms) = postSolution
		{81029582-CFCC-4C24-A6BE-74386B168644}.Debug|Any CPU.ActiveCfg = Debug|Any CPU
		{81029582-CFCC-4C24-A6BE-74386B168644}.Debug|Any CPU.Build.0 = Debug|Any CPU
		{81029582-CFCC-4C24-A6BE-74386B168644}.Release|Any CPU.ActiveCfg = Release|Any CPU
		{81029582-CFCC-4C24-A6BE-74386B168644}.Release|Any CPU.Build.0 = Release|Any CPU
	EndGlobalSection
	GlobalSection(SolutionProperties) = preSolution
		HideSolutionNode = FALSE
	EndGlobalSection
	GlobalSection(ExtensibilityGlobals) = postSolution
		SolutionGuid = {E3834E8B-79A0-4B8A-9884-5E1D14A94C06}
	EndGlobalSection
EndGlobal
